// !$*UTF8*$!
{
	archiveVersion = 1;
	classes = {
	};
	objectVersion = 50;
	objects = {

/* Begin PBXBuildFile section */
		07407466D0141570A9FE983B /* Pods_DeltaPOCUITests.framework in Frameworks */ = {isa = PBXBuildFile; fileRef = D2D745F1698D39B5F9F3240F /* Pods_DeltaPOCUITests.framework */; };
		BA09519422808D4800B53998 /* AppDelegate.swift in Sources */ = {isa = PBXBuildFile; fileRef = BA09519322808D4800B53998 /* AppDelegate.swift */; };
		BA09519622808D4800B53998 /* ViewController.swift in Sources */ = {isa = PBXBuildFile; fileRef = BA09519522808D4800B53998 /* ViewController.swift */; };
		BA09519922808D4800B53998 /* Main.storyboard in Resources */ = {isa = PBXBuildFile; fileRef = BA09519722808D4800B53998 /* Main.storyboard */; };
		BA09519B22808D5300B53998 /* Assets.xcassets in Resources */ = {isa = PBXBuildFile; fileRef = BA09519A22808D5300B53998 /* Assets.xcassets */; };
		BA09519E22808D5300B53998 /* LaunchScreen.storyboard in Resources */ = {isa = PBXBuildFile; fileRef = BA09519C22808D5300B53998 /* LaunchScreen.storyboard */; };
		BA0951A922808D5400B53998 /* DeltaPOCTests.swift in Sources */ = {isa = PBXBuildFile; fileRef = BA0951A822808D5400B53998 /* DeltaPOCTests.swift */; };
		BA0951B422808D5400B53998 /* DeltaPOCUITests.swift in Sources */ = {isa = PBXBuildFile; fileRef = BA0951B322808D5400B53998 /* DeltaPOCUITests.swift */; };
		BA0951C522809AB300B53998 /* ViewModel.swift in Sources */ = {isa = PBXBuildFile; fileRef = BA0951C422809AB300B53998 /* ViewModel.swift */; };
		BA0951C622809AB300B53998 /* ViewModel.swift in Sources */ = {isa = PBXBuildFile; fileRef = BA0951C422809AB300B53998 /* ViewModel.swift */; };
		BA0951C822809ADD00B53998 /* APIClient.swift in Sources */ = {isa = PBXBuildFile; fileRef = BA0951C722809ADD00B53998 /* APIClient.swift */; };
		BA0951C922809ADD00B53998 /* APIClient.swift in Sources */ = {isa = PBXBuildFile; fileRef = BA0951C722809ADD00B53998 /* APIClient.swift */; };
		C16E7881A833ED561B133594 /* Pods_DeltaPOCTests.framework in Frameworks */ = {isa = PBXBuildFile; fileRef = FD586A8E887D9A8B250050E3 /* Pods_DeltaPOCTests.framework */; };
		F99EFB96AFB200FA9B650A9D /* Pods_DeltaPOC.framework in Frameworks */ = {isa = PBXBuildFile; fileRef = 911CBB913D967D4EEFC82A6C /* Pods_DeltaPOC.framework */; };
/* End PBXBuildFile section */

/* Begin PBXContainerItemProxy section */
		BA0951A522808D5400B53998 /* PBXContainerItemProxy */ = {
			isa = PBXContainerItemProxy;
			containerPortal = BA09518822808D4800B53998 /* Project object */;
			proxyType = 1;
			remoteGlobalIDString = BA09518F22808D4800B53998;
			remoteInfo = DeltaPOC;
		};
		BA0951B022808D5400B53998 /* PBXContainerItemProxy */ = {
			isa = PBXContainerItemProxy;
			containerPortal = BA09518822808D4800B53998 /* Project object */;
			proxyType = 1;
			remoteGlobalIDString = BA09518F22808D4800B53998;
			remoteInfo = DeltaPOC;
		};
/* End PBXContainerItemProxy section */

/* Begin PBXFileReference section */
		53460AC2D73E7E9BBA4A2DB3 /* Pods-DeltaPOCUITests.release.xcconfig */ = {isa = PBXFileReference; includeInIndex = 1; lastKnownFileType = text.xcconfig; name = "Pods-DeltaPOCUITests.release.xcconfig"; path = "Pods/Target Support Files/Pods-DeltaPOCUITests/Pods-DeltaPOCUITests.release.xcconfig"; sourceTree = "<group>"; };
		763B333DF891C7F9A63707E4 /* Pods-DeltaPOCTests.debug.xcconfig */ = {isa = PBXFileReference; includeInIndex = 1; lastKnownFileType = text.xcconfig; name = "Pods-DeltaPOCTests.debug.xcconfig"; path = "Pods/Target Support Files/Pods-DeltaPOCTests/Pods-DeltaPOCTests.debug.xcconfig"; sourceTree = "<group>"; };
		77B6FD0E32D0C675815406AA /* Pods-DeltaPOC.release.xcconfig */ = {isa = PBXFileReference; includeInIndex = 1; lastKnownFileType = text.xcconfig; name = "Pods-DeltaPOC.release.xcconfig"; path = "Pods/Target Support Files/Pods-DeltaPOC/Pods-DeltaPOC.release.xcconfig"; sourceTree = "<group>"; };
		911CBB913D967D4EEFC82A6C /* Pods_DeltaPOC.framework */ = {isa = PBXFileReference; explicitFileType = wrapper.framework; includeInIndex = 0; path = Pods_DeltaPOC.framework; sourceTree = BUILT_PRODUCTS_DIR; };
		A9C066770A2F6C7945FA3E3C /* Pods-DeltaPOCTests.release.xcconfig */ = {isa = PBXFileReference; includeInIndex = 1; lastKnownFileType = text.xcconfig; name = "Pods-DeltaPOCTests.release.xcconfig"; path = "Pods/Target Support Files/Pods-DeltaPOCTests/Pods-DeltaPOCTests.release.xcconfig"; sourceTree = "<group>"; };
		B0E0CF258BDB928007B3F68B /* Pods-DeltaPOCUITests.debug.xcconfig */ = {isa = PBXFileReference; includeInIndex = 1; lastKnownFileType = text.xcconfig; name = "Pods-DeltaPOCUITests.debug.xcconfig"; path = "Pods/Target Support Files/Pods-DeltaPOCUITests/Pods-DeltaPOCUITests.debug.xcconfig"; sourceTree = "<group>"; };
		BA09519022808D4800B53998 /* DeltaPOC.app */ = {isa = PBXFileReference; explicitFileType = wrapper.application; includeInIndex = 0; path = DeltaPOC.app; sourceTree = BUILT_PRODUCTS_DIR; };
		BA09519322808D4800B53998 /* AppDelegate.swift */ = {isa = PBXFileReference; lastKnownFileType = sourcecode.swift; path = AppDelegate.swift; sourceTree = "<group>"; };
		BA09519522808D4800B53998 /* ViewController.swift */ = {isa = PBXFileReference; lastKnownFileType = sourcecode.swift; path = ViewController.swift; sourceTree = "<group>"; };
		BA09519822808D4800B53998 /* Base */ = {isa = PBXFileReference; lastKnownFileType = file.storyboard; name = Base; path = Base.lproj/Main.storyboard; sourceTree = "<group>"; };
		BA09519A22808D5300B53998 /* Assets.xcassets */ = {isa = PBXFileReference; lastKnownFileType = folder.assetcatalog; path = Assets.xcassets; sourceTree = "<group>"; };
		BA09519D22808D5300B53998 /* Base */ = {isa = PBXFileReference; lastKnownFileType = file.storyboard; name = Base; path = Base.lproj/LaunchScreen.storyboard; sourceTree = "<group>"; };
		BA09519F22808D5300B53998 /* Info.plist */ = {isa = PBXFileReference; lastKnownFileType = text.plist.xml; path = Info.plist; sourceTree = "<group>"; };
		BA0951A422808D5400B53998 /* DeltaPOCTests.xctest */ = {isa = PBXFileReference; explicitFileType = wrapper.cfbundle; includeInIndex = 0; path = DeltaPOCTests.xctest; sourceTree = BUILT_PRODUCTS_DIR; };
		BA0951A822808D5400B53998 /* DeltaPOCTests.swift */ = {isa = PBXFileReference; lastKnownFileType = sourcecode.swift; path = DeltaPOCTests.swift; sourceTree = "<group>"; };
		BA0951AA22808D5400B53998 /* Info.plist */ = {isa = PBXFileReference; lastKnownFileType = text.plist.xml; path = Info.plist; sourceTree = "<group>"; };
		BA0951AF22808D5400B53998 /* DeltaPOCUITests.xctest */ = {isa = PBXFileReference; explicitFileType = wrapper.cfbundle; includeInIndex = 0; path = DeltaPOCUITests.xctest; sourceTree = BUILT_PRODUCTS_DIR; };
		BA0951B322808D5400B53998 /* DeltaPOCUITests.swift */ = {isa = PBXFileReference; lastKnownFileType = sourcecode.swift; path = DeltaPOCUITests.swift; sourceTree = "<group>"; };
		BA0951B522808D5400B53998 /* Info.plist */ = {isa = PBXFileReference; lastKnownFileType = text.plist.xml; path = Info.plist; sourceTree = "<group>"; };
		BA0951C422809AB300B53998 /* ViewModel.swift */ = {isa = PBXFileReference; lastKnownFileType = sourcecode.swift; path = ViewModel.swift; sourceTree = "<group>"; };
		BA0951C722809ADD00B53998 /* APIClient.swift */ = {isa = PBXFileReference; lastKnownFileType = sourcecode.swift; path = APIClient.swift; sourceTree = "<group>"; };
		D2D745F1698D39B5F9F3240F /* Pods_DeltaPOCUITests.framework */ = {isa = PBXFileReference; explicitFileType = wrapper.framework; includeInIndex = 0; path = Pods_DeltaPOCUITests.framework; sourceTree = BUILT_PRODUCTS_DIR; };
		DAE8E2359EF4461790CC5837 /* Pods-DeltaPOC.debug.xcconfig */ = {isa = PBXFileReference; includeInIndex = 1; lastKnownFileType = text.xcconfig; name = "Pods-DeltaPOC.debug.xcconfig"; path = "Pods/Target Support Files/Pods-DeltaPOC/Pods-DeltaPOC.debug.xcconfig"; sourceTree = "<group>"; };
		FD586A8E887D9A8B250050E3 /* Pods_DeltaPOCTests.framework */ = {isa = PBXFileReference; explicitFileType = wrapper.framework; includeInIndex = 0; path = Pods_DeltaPOCTests.framework; sourceTree = BUILT_PRODUCTS_DIR; };
/* End PBXFileReference section */

/* Begin PBXFrameworksBuildPhase section */
		BA09518D22808D4800B53998 /* Frameworks */ = {
			isa = PBXFrameworksBuildPhase;
			buildActionMask = 2147483647;
			files = (
				F99EFB96AFB200FA9B650A9D /* Pods_DeltaPOC.framework in Frameworks */,
			);
			runOnlyForDeploymentPostprocessing = 0;
		};
		BA0951A122808D5400B53998 /* Frameworks */ = {
			isa = PBXFrameworksBuildPhase;
			buildActionMask = 2147483647;
			files = (
				C16E7881A833ED561B133594 /* Pods_DeltaPOCTests.framework in Frameworks */,
			);
			runOnlyForDeploymentPostprocessing = 0;
		};
		BA0951AC22808D5400B53998 /* Frameworks */ = {
			isa = PBXFrameworksBuildPhase;
			buildActionMask = 2147483647;
			files = (
				07407466D0141570A9FE983B /* Pods_DeltaPOCUITests.framework in Frameworks */,
			);
			runOnlyForDeploymentPostprocessing = 0;
		};
/* End PBXFrameworksBuildPhase section */

/* Begin PBXGroup section */
		B152527A8A482251338CDF7C /* Frameworks */ = {
			isa = PBXGroup;
			children = (
				911CBB913D967D4EEFC82A6C /* Pods_DeltaPOC.framework */,
				FD586A8E887D9A8B250050E3 /* Pods_DeltaPOCTests.framework */,
				D2D745F1698D39B5F9F3240F /* Pods_DeltaPOCUITests.framework */,
			);
			name = Frameworks;
			sourceTree = "<group>";
		};
		BA09518722808D4800B53998 = {
			isa = PBXGroup;
			children = (
				BA09519222808D4800B53998 /* DeltaPOC */,
				BA0951A722808D5400B53998 /* DeltaPOCTests */,
				BA0951B222808D5400B53998 /* DeltaPOCUITests */,
				BA09519122808D4800B53998 /* Products */,
				E0F4830F2C8457F56BB19682 /* Pods */,
				B152527A8A482251338CDF7C /* Frameworks */,
			);
			sourceTree = "<group>";
		};
		BA09519122808D4800B53998 /* Products */ = {
			isa = PBXGroup;
			children = (
				BA09519022808D4800B53998 /* DeltaPOC.app */,
				BA0951A422808D5400B53998 /* DeltaPOCTests.xctest */,
				BA0951AF22808D5400B53998 /* DeltaPOCUITests.xctest */,
			);
			name = Products;
			sourceTree = "<group>";
		};
		BA09519222808D4800B53998 /* DeltaPOC */ = {
			isa = PBXGroup;
			children = (
				BA0951C222809A6000B53998 /* View */,
				BA0951C122809A4200B53998 /* ViewModel */,
				BA0951C322809A7C00B53998 /* APIClient */,
				BA09519322808D4800B53998 /* AppDelegate.swift */,
				BA09519722808D4800B53998 /* Main.storyboard */,
				BA09519A22808D5300B53998 /* Assets.xcassets */,
				BA09519C22808D5300B53998 /* LaunchScreen.storyboard */,
				BA09519F22808D5300B53998 /* Info.plist */,
			);
			path = DeltaPOC;
			sourceTree = "<group>";
		};
		BA0951A722808D5400B53998 /* DeltaPOCTests */ = {
			isa = PBXGroup;
			children = (
				BA0951A822808D5400B53998 /* DeltaPOCTests.swift */,
				BA0951AA22808D5400B53998 /* Info.plist */,
			);
			path = DeltaPOCTests;
			sourceTree = "<group>";
		};
		BA0951B222808D5400B53998 /* DeltaPOCUITests */ = {
			isa = PBXGroup;
			children = (
				BA0951B322808D5400B53998 /* DeltaPOCUITests.swift */,
				BA0951B522808D5400B53998 /* Info.plist */,
			);
			path = DeltaPOCUITests;
			sourceTree = "<group>";
		};
		BA0951C122809A4200B53998 /* ViewModel */ = {
			isa = PBXGroup;
			children = (
				BA0951C422809AB300B53998 /* ViewModel.swift */,
			);
			path = ViewModel;
			sourceTree = "<group>";
		};
		BA0951C222809A6000B53998 /* View */ = {
			isa = PBXGroup;
			children = (
				BA09519522808D4800B53998 /* ViewController.swift */,
			);
			path = View;
			sourceTree = "<group>";
		};
		BA0951C322809A7C00B53998 /* APIClient */ = {
			isa = PBXGroup;
			children = (
				BA0951C722809ADD00B53998 /* APIClient.swift */,
			);
			path = APIClient;
			sourceTree = "<group>";
		};
		E0F4830F2C8457F56BB19682 /* Pods */ = {
			isa = PBXGroup;
			children = (
				DAE8E2359EF4461790CC5837 /* Pods-DeltaPOC.debug.xcconfig */,
				77B6FD0E32D0C675815406AA /* Pods-DeltaPOC.release.xcconfig */,
				763B333DF891C7F9A63707E4 /* Pods-DeltaPOCTests.debug.xcconfig */,
				A9C066770A2F6C7945FA3E3C /* Pods-DeltaPOCTests.release.xcconfig */,
				B0E0CF258BDB928007B3F68B /* Pods-DeltaPOCUITests.debug.xcconfig */,
				53460AC2D73E7E9BBA4A2DB3 /* Pods-DeltaPOCUITests.release.xcconfig */,
			);
			name = Pods;
			sourceTree = "<group>";
		};
/* End PBXGroup section */

/* Begin PBXNativeTarget section */
		BA09518F22808D4800B53998 /* DeltaPOC */ = {
			isa = PBXNativeTarget;
			buildConfigurationList = BA0951B822808D5400B53998 /* Build configuration list for PBXNativeTarget "DeltaPOC" */;
			buildPhases = (
				42228E2664D5B2A236D1BEA9 /* [CP] Check Pods Manifest.lock */,
				BA09518C22808D4800B53998 /* Sources */,
				BA09518D22808D4800B53998 /* Frameworks */,
				BA09518E22808D4800B53998 /* Resources */,
				EE1448038C890C4A4F09CC44 /* [CP] Embed Pods Frameworks */,
			);
			buildRules = (
			);
			dependencies = (
			);
			name = DeltaPOC;
			productName = DeltaPOC;
			productReference = BA09519022808D4800B53998 /* DeltaPOC.app */;
			productType = "com.apple.product-type.application";
		};
		BA0951A322808D5400B53998 /* DeltaPOCTests */ = {
			isa = PBXNativeTarget;
			buildConfigurationList = BA0951BB22808D5400B53998 /* Build configuration list for PBXNativeTarget "DeltaPOCTests" */;
			buildPhases = (
				4F74CE1DAD8863208D858111 /* [CP] Check Pods Manifest.lock */,
				BA0951A022808D5400B53998 /* Sources */,
				BA0951A122808D5400B53998 /* Frameworks */,
				BA0951A222808D5400B53998 /* Resources */,
			);
			buildRules = (
			);
			dependencies = (
				BA0951A622808D5400B53998 /* PBXTargetDependency */,
			);
			name = DeltaPOCTests;
			productName = DeltaPOCTests;
			productReference = BA0951A422808D5400B53998 /* DeltaPOCTests.xctest */;
			productType = "com.apple.product-type.bundle.unit-test";
		};
		BA0951AE22808D5400B53998 /* DeltaPOCUITests */ = {
			isa = PBXNativeTarget;
			buildConfigurationList = BA0951BE22808D5400B53998 /* Build configuration list for PBXNativeTarget "DeltaPOCUITests" */;
			buildPhases = (
				D763076FCBFC8897688228A7 /* [CP] Check Pods Manifest.lock */,
				BA0951AB22808D5400B53998 /* Sources */,
				BA0951AC22808D5400B53998 /* Frameworks */,
				BA0951AD22808D5400B53998 /* Resources */,
			);
			buildRules = (
			);
			dependencies = (
				BA0951B122808D5400B53998 /* PBXTargetDependency */,
			);
			name = DeltaPOCUITests;
			productName = DeltaPOCUITests;
			productReference = BA0951AF22808D5400B53998 /* DeltaPOCUITests.xctest */;
			productType = "com.apple.product-type.bundle.ui-testing";
		};
/* End PBXNativeTarget section */

/* Begin PBXProject section */
		BA09518822808D4800B53998 /* Project object */ = {
			isa = PBXProject;
			attributes = {
				LastSwiftUpdateCheck = 1010;
				LastUpgradeCheck = 1010;
				ORGANIZATIONNAME = "shilpi gupta";
				TargetAttributes = {
					BA09518F22808D4800B53998 = {
						CreatedOnToolsVersion = 10.1;
					};
					BA0951A322808D5400B53998 = {
						CreatedOnToolsVersion = 10.1;
						TestTargetID = BA09518F22808D4800B53998;
					};
					BA0951AE22808D5400B53998 = {
						CreatedOnToolsVersion = 10.1;
						TestTargetID = BA09518F22808D4800B53998;
					};
				};
			};
			buildConfigurationList = BA09518B22808D4800B53998 /* Build configuration list for PBXProject "DeltaPOC" */;
			compatibilityVersion = "Xcode 9.3";
			developmentRegion = en;
			hasScannedForEncodings = 0;
			knownRegions = (
				en,
				Base,
			);
			mainGroup = BA09518722808D4800B53998;
			productRefGroup = BA09519122808D4800B53998 /* Products */;
			projectDirPath = "";
			projectRoot = "";
			targets = (
				BA09518F22808D4800B53998 /* DeltaPOC */,
				BA0951A322808D5400B53998 /* DeltaPOCTests */,
				BA0951AE22808D5400B53998 /* DeltaPOCUITests */,
			);
		};
/* End PBXProject section */

/* Begin PBXResourcesBuildPhase section */
		BA09518E22808D4800B53998 /* Resources */ = {
			isa = PBXResourcesBuildPhase;
			buildActionMask = 2147483647;
			files = (
				BA09519E22808D5300B53998 /* LaunchScreen.storyboard in Resources */,
				BA09519B22808D5300B53998 /* Assets.xcassets in Resources */,
				BA09519922808D4800B53998 /* Main.storyboard in Resources */,
			);
			runOnlyForDeploymentPostprocessing = 0;
		};
		BA0951A222808D5400B53998 /* Resources */ = {
			isa = PBXResourcesBuildPhase;
			buildActionMask = 2147483647;
			files = (
			);
			runOnlyForDeploymentPostprocessing = 0;
		};
		BA0951AD22808D5400B53998 /* Resources */ = {
			isa = PBXResourcesBuildPhase;
			buildActionMask = 2147483647;
			files = (
			);
			runOnlyForDeploymentPostprocessing = 0;
		};
/* End PBXResourcesBuildPhase section */

/* Begin PBXShellScriptBuildPhase section */
		42228E2664D5B2A236D1BEA9 /* [CP] Check Pods Manifest.lock */ = {
			isa = PBXShellScriptBuildPhase;
			buildActionMask = 2147483647;
			files = (
			);
			inputFileListPaths = (
			);
			inputPaths = (
				"${PODS_PODFILE_DIR_PATH}/Podfile.lock",
				"${PODS_ROOT}/Manifest.lock",
			);
			name = "[CP] Check Pods Manifest.lock";
			outputFileListPaths = (
			);
			outputPaths = (
				"$(DERIVED_FILE_DIR)/Pods-DeltaPOC-checkManifestLockResult.txt",
			);
			runOnlyForDeploymentPostprocessing = 0;
			shellPath = /bin/sh;
			shellScript = "diff \"${PODS_PODFILE_DIR_PATH}/Podfile.lock\" \"${PODS_ROOT}/Manifest.lock\" > /dev/null\nif [ $? != 0 ] ; then\n    # print error to STDERR\n    echo \"error: The sandbox is not in sync with the Podfile.lock. Run 'pod install' or update your CocoaPods installation.\" >&2\n    exit 1\nfi\n# This output is used by Xcode 'outputs' to avoid re-running this script phase.\necho \"SUCCESS\" > \"${SCRIPT_OUTPUT_FILE_0}\"\n";
			showEnvVarsInLog = 0;
		};
		4F74CE1DAD8863208D858111 /* [CP] Check Pods Manifest.lock */ = {
			isa = PBXShellScriptBuildPhase;
			buildActionMask = 2147483647;
			files = (
			);
			inputFileListPaths = (
			);
			inputPaths = (
				"${PODS_PODFILE_DIR_PATH}/Podfile.lock",
				"${PODS_ROOT}/Manifest.lock",
			);
			name = "[CP] Check Pods Manifest.lock";
			outputFileListPaths = (
			);
			outputPaths = (
				"$(DERIVED_FILE_DIR)/Pods-DeltaPOCTests-checkManifestLockResult.txt",
			);
			runOnlyForDeploymentPostprocessing = 0;
			shellPath = /bin/sh;
			shellScript = "diff \"${PODS_PODFILE_DIR_PATH}/Podfile.lock\" \"${PODS_ROOT}/Manifest.lock\" > /dev/null\nif [ $? != 0 ] ; then\n    # print error to STDERR\n    echo \"error: The sandbox is not in sync with the Podfile.lock. Run 'pod install' or update your CocoaPods installation.\" >&2\n    exit 1\nfi\n# This output is used by Xcode 'outputs' to avoid re-running this script phase.\necho \"SUCCESS\" > \"${SCRIPT_OUTPUT_FILE_0}\"\n";
			showEnvVarsInLog = 0;
		};
		D763076FCBFC8897688228A7 /* [CP] Check Pods Manifest.lock */ = {
			isa = PBXShellScriptBuildPhase;
			buildActionMask = 2147483647;
			files = (
			);
			inputFileListPaths = (
			);
			inputPaths = (
				"${PODS_PODFILE_DIR_PATH}/Podfile.lock",
				"${PODS_ROOT}/Manifest.lock",
			);
			name = "[CP] Check Pods Manifest.lock";
			outputFileListPaths = (
			);
			outputPaths = (
				"$(DERIVED_FILE_DIR)/Pods-DeltaPOCUITests-checkManifestLockResult.txt",
			);
			runOnlyForDeploymentPostprocessing = 0;
			shellPath = /bin/sh;
			shellScript = "diff \"${PODS_PODFILE_DIR_PATH}/Podfile.lock\" \"${PODS_ROOT}/Manifest.lock\" > /dev/null\nif [ $? != 0 ] ; then\n    # print error to STDERR\n    echo \"error: The sandbox is not in sync with the Podfile.lock. Run 'pod install' or update your CocoaPods installation.\" >&2\n    exit 1\nfi\n# This output is used by Xcode 'outputs' to avoid re-running this script phase.\necho \"SUCCESS\" > \"${SCRIPT_OUTPUT_FILE_0}\"\n";
			showEnvVarsInLog = 0;
		};
		EE1448038C890C4A4F09CC44 /* [CP] Embed Pods Frameworks */ = {
			isa = PBXShellScriptBuildPhase;
			buildActionMask = 2147483647;
			files = (
			);
			inputFileListPaths = (
			);
			inputPaths = (
				"${SRCROOT}/Pods/Target Support Files/Pods-DeltaPOC/Pods-DeltaPOC-frameworks.sh",
				"${BUILT_PRODUCTS_DIR}/Alamofire/Alamofire.framework",
				"${BUILT_PRODUCTS_DIR}/Kingfisher/Kingfisher.framework",
			);
			name = "[CP] Embed Pods Frameworks";
			outputFileListPaths = (
			);
			outputPaths = (
				"${TARGET_BUILD_DIR}/${FRAMEWORKS_FOLDER_PATH}/Alamofire.framework",
				"${TARGET_BUILD_DIR}/${FRAMEWORKS_FOLDER_PATH}/Kingfisher.framework",
			);
			runOnlyForDeploymentPostprocessing = 0;
			shellPath = /bin/sh;
			shellScript = "\"${SRCROOT}/Pods/Target Support Files/Pods-DeltaPOC/Pods-DeltaPOC-frameworks.sh\"\n";
			showEnvVarsInLog = 0;
		};
/* End PBXShellScriptBuildPhase section */

/* Begin PBXSourcesBuildPhase section */
		BA09518C22808D4800B53998 /* Sources */ = {
			isa = PBXSourcesBuildPhase;
			buildActionMask = 2147483647;
			files = (
				BA09519622808D4800B53998 /* ViewController.swift in Sources */,
				BA0951C522809AB300B53998 /* ViewModel.swift in Sources */,
				BA09519422808D4800B53998 /* AppDelegate.swift in Sources */,
				BA0951C822809ADD00B53998 /* APIClient.swift in Sources */,
			);
			runOnlyForDeploymentPostprocessing = 0;
		};
		BA0951A022808D5400B53998 /* Sources */ = {
			isa = PBXSourcesBuildPhase;
			buildActionMask = 2147483647;
			files = (
				BA0951C622809AB300B53998 /* ViewModel.swift in Sources */,
				BA0951A922808D5400B53998 /* DeltaPOCTests.swift in Sources */,
				BA0951C922809ADD00B53998 /* APIClient.swift in Sources */,
			);
			runOnlyForDeploymentPostprocessing = 0;
		};
		BA0951AB22808D5400B53998 /* Sources */ = {
			isa = PBXSourcesBuildPhase;
			buildActionMask = 2147483647;
			files = (
				BA0951B422808D5400B53998 /* DeltaPOCUITests.swift in Sources */,
			);
			runOnlyForDeploymentPostprocessing = 0;
		};
/* End PBXSourcesBuildPhase section */

/* Begin PBXTargetDependency section */
		BA0951A622808D5400B53998 /* PBXTargetDependency */ = {
			isa = PBXTargetDependency;
			target = BA09518F22808D4800B53998 /* DeltaPOC */;
			targetProxy = BA0951A522808D5400B53998 /* PBXContainerItemProxy */;
		};
		BA0951B122808D5400B53998 /* PBXTargetDependency */ = {
			isa = PBXTargetDependency;
			target = BA09518F22808D4800B53998 /* DeltaPOC */;
			targetProxy = BA0951B022808D5400B53998 /* PBXContainerItemProxy */;
		};
/* End PBXTargetDependency section */

/* Begin PBXVariantGroup section */
		BA09519722808D4800B53998 /* Main.storyboard */ = {
			isa = PBXVariantGroup;
			children = (
				BA09519822808D4800B53998 /* Base */,
			);
			name = Main.storyboard;
			sourceTree = "<group>";
		};
		BA09519C22808D5300B53998 /* LaunchScreen.storyboard */ = {
			isa = PBXVariantGroup;
			children = (
				BA09519D22808D5300B53998 /* Base */,
			);
			name = LaunchScreen.storyboard;
			sourceTree = "<group>";
		};
/* End PBXVariantGroup section */

/* Begin XCBuildConfiguration section */
		BA0951B622808D5400B53998 /* Debug */ = {
			isa = XCBuildConfiguration;
			buildSettings = {
				ALWAYS_SEARCH_USER_PATHS = NO;
				CLANG_ANALYZER_NONNULL = YES;
				CLANG_ANALYZER_NUMBER_OBJECT_CONVERSION = YES_AGGRESSIVE;
				CLANG_CXX_LANGUAGE_STANDARD = "gnu++14";
				CLANG_CXX_LIBRARY = "libc++";
				CLANG_ENABLE_MODULES = YES;
				CLANG_ENABLE_OBJC_ARC = YES;
				CLANG_ENABLE_OBJC_WEAK = YES;
				CLANG_WARN_BLOCK_CAPTURE_AUTORELEASING = YES;
				CLANG_WARN_BOOL_CONVERSION = YES;
				CLANG_WARN_COMMA = YES;
				CLANG_WARN_CONSTANT_CONVERSION = YES;
				CLANG_WARN_DEPRECATED_OBJC_IMPLEMENTATIONS = YES;
				CLANG_WARN_DIRECT_OBJC_ISA_USAGE = YES_ERROR;
				CLANG_WARN_DOCUMENTATION_COMMENTS = YES;
				CLANG_WARN_EMPTY_BODY = YES;
				CLANG_WARN_ENUM_CONVERSION = YES;
				CLANG_WARN_INFINITE_RECURSION = YES;
				CLANG_WARN_INT_CONVERSION = YES;
				CLANG_WARN_NON_LITERAL_NULL_CONVERSION = YES;
				CLANG_WARN_OBJC_IMPLICIT_RETAIN_SELF = YES;
				CLANG_WARN_OBJC_LITERAL_CONVERSION = YES;
				CLANG_WARN_OBJC_ROOT_CLASS = YES_ERROR;
				CLANG_WARN_RANGE_LOOP_ANALYSIS = YES;
				CLANG_WARN_STRICT_PROTOTYPES = YES;
				CLANG_WARN_SUSPICIOUS_MOVE = YES;
				CLANG_WARN_UNGUARDED_AVAILABILITY = YES_AGGRESSIVE;
				CLANG_WARN_UNREACHABLE_CODE = YES;
				CLANG_WARN__DUPLICATE_METHOD_MATCH = YES;
				CODE_SIGN_IDENTITY = "iPhone Developer";
				COPY_PHASE_STRIP = NO;
				DEBUG_INFORMATION_FORMAT = dwarf;
				ENABLE_STRICT_OBJC_MSGSEND = YES;
				ENABLE_TESTABILITY = YES;
				GCC_C_LANGUAGE_STANDARD = gnu11;
				GCC_DYNAMIC_NO_PIC = NO;
				GCC_NO_COMMON_BLOCKS = YES;
				GCC_OPTIMIZATION_LEVEL = 0;
				GCC_PREPROCESSOR_DEFINITIONS = (
					"DEBUG=1",
					"$(inherited)",
				);
				GCC_WARN_64_TO_32_BIT_CONVERSION = YES;
				GCC_WARN_ABOUT_RETURN_TYPE = YES_ERROR;
				GCC_WARN_UNDECLARED_SELECTOR = YES;
				GCC_WARN_UNINITIALIZED_AUTOS = YES_AGGRESSIVE;
				GCC_WARN_UNUSED_FUNCTION = YES;
				GCC_WARN_UNUSED_VARIABLE = YES;
				IPHONEOS_DEPLOYMENT_TARGET = 12.1;
				MTL_ENABLE_DEBUG_INFO = INCLUDE_SOURCE;
				MTL_FAST_MATH = YES;
				ONLY_ACTIVE_ARCH = YES;
				SDKROOT = iphoneos;
				SWIFT_ACTIVE_COMPILATION_CONDITIONS = DEBUG;
				SWIFT_OPTIMIZATION_LEVEL = "-Onone";
			};
			name = Debug;
		};
		BA0951B722808D5400B53998 /* Release */ = {
			isa = XCBuildConfiguration;
			buildSettings = {
				ALWAYS_SEARCH_USER_PATHS = NO;
				CLANG_ANALYZER_NONNULL = YES;
				CLANG_ANALYZER_NUMBER_OBJECT_CONVERSION = YES_AGGRESSIVE;
				CLANG_CXX_LANGUAGE_STANDARD = "gnu++14";
				CLANG_CXX_LIBRARY = "libc++";
				CLANG_ENABLE_MODULES = YES;
				CLANG_ENABLE_OBJC_ARC = YES;
				CLANG_ENABLE_OBJC_WEAK = YES;
				CLANG_WARN_BLOCK_CAPTURE_AUTORELEASING = YES;
				CLANG_WARN_BOOL_CONVERSION = YES;
				CLANG_WARN_COMMA = YES;
				CLANG_WARN_CONSTANT_CONVERSION = YES;
				CLANG_WARN_DEPRECATED_OBJC_IMPLEMENTATIONS = YES;
				CLANG_WARN_DIRECT_OBJC_ISA_USAGE = YES_ERROR;
				CLANG_WARN_DOCUMENTATION_COMMENTS = YES;
				CLANG_WARN_EMPTY_BODY = YES;
				CLANG_WARN_ENUM_CONVERSION = YES;
				CLANG_WARN_INFINITE_RECURSION = YES;
				CLANG_WARN_INT_CONVERSION = YES;
				CLANG_WARN_NON_LITERAL_NULL_CONVERSION = YES;
				CLANG_WARN_OBJC_IMPLICIT_RETAIN_SELF = YES;
				CLANG_WARN_OBJC_LITERAL_CONVERSION = YES;
				CLANG_WARN_OBJC_ROOT_CLASS = YES_ERROR;
				CLANG_WARN_RANGE_LOOP_ANALYSIS = YES;
				CLANG_WARN_STRICT_PROTOTYPES = YES;
				CLANG_WARN_SUSPICIOUS_MOVE = YES;
				CLANG_WARN_UNGUARDED_AVAILABILITY = YES_AGGRESSIVE;
				CLANG_WARN_UNREACHABLE_CODE = YES;
				CLANG_WARN__DUPLICATE_METHOD_MATCH = YES;
				CODE_SIGN_IDENTITY = "iPhone Developer";
				COPY_PHASE_STRIP = NO;
				DEBUG_INFORMATION_FORMAT = "dwarf-with-dsym";
				ENABLE_NS_ASSERTIONS = NO;
				ENABLE_STRICT_OBJC_MSGSEND = YES;
				GCC_C_LANGUAGE_STANDARD = gnu11;
				GCC_NO_COMMON_BLOCKS = YES;
				GCC_WARN_64_TO_32_BIT_CONVERSION = YES;
				GCC_WARN_ABOUT_RETURN_TYPE = YES_ERROR;
				GCC_WARN_UNDECLARED_SELECTOR = YES;
				GCC_WARN_UNINITIALIZED_AUTOS = YES_AGGRESSIVE;
				GCC_WARN_UNUSED_FUNCTION = YES;
				GCC_WARN_UNUSED_VARIABLE = YES;
				IPHONEOS_DEPLOYMENT_TARGET = 12.1;
				MTL_ENABLE_DEBUG_INFO = NO;
				MTL_FAST_MATH = YES;
				SDKROOT = iphoneos;
				SWIFT_COMPILATION_MODE = wholemodule;
				SWIFT_OPTIMIZATION_LEVEL = "-O";
				VALIDATE_PRODUCT = YES;
			};
			name = Release;
		};
		BA0951B922808D5400B53998 /* Debug */ = {
			isa = XCBuildConfiguration;
			baseConfigurationReference = DAE8E2359EF4461790CC5837 /* Pods-DeltaPOC.debug.xcconfig */;
			buildSettings = {
				ASSETCATALOG_COMPILER_APPICON_NAME = AppIcon;
				CODE_SIGN_STYLE = Automatic;
				INFOPLIST_FILE = DeltaPOC/Info.plist;
				LD_RUNPATH_SEARCH_PATHS = (
					"$(inherited)",
					"@executable_path/Frameworks",
				);
				PRODUCT_BUNDLE_IDENTIFIER = shilpi.DeltaPOC;
				PRODUCT_NAME = "$(TARGET_NAME)";
				SWIFT_VERSION = 4.2;
				TARGETED_DEVICE_FAMILY = "1,2";
			};
			name = Debug;
		};
		BA0951BA22808D5400B53998 /* Release */ = {
			isa = XCBuildConfiguration;
			baseConfigurationReference = 77B6FD0E32D0C675815406AA /* Pods-DeltaPOC.release.xcconfig */;
			buildSettings = {
				ASSETCATALOG_COMPILER_APPICON_NAME = AppIcon;
				CODE_SIGN_STYLE = Automatic;
				INFOPLIST_FILE = DeltaPOC/Info.plist;
				LD_RUNPATH_SEARCH_PATHS = (
					"$(inherited)",
					"@executable_path/Frameworks",
				);
				PRODUCT_BUNDLE_IDENTIFIER = shilpi.DeltaPOC;
				PRODUCT_NAME = "$(TARGET_NAME)";
				SWIFT_VERSION = 4.2;
				TARGETED_DEVICE_FAMILY = "1,2";
			};
			name = Release;
		};
		BA0951BC22808D5400B53998 /* Debug */ = {
			isa = XCBuildConfiguration;
			baseConfigurationReference = 763B333DF891C7F9A63707E4 /* Pods-DeltaPOCTests.debug.xcconfig */;
			buildSettings = {
				ALWAYS_EMBED_SWIFT_STANDARD_LIBRARIES = YES;
				BUNDLE_LOADER = "$(TEST_HOST)";
				CODE_SIGN_STYLE = Automatic;
				INFOPLIST_FILE = DeltaPOCTests/Info.plist;
				LD_RUNPATH_SEARCH_PATHS = (
					"$(inherited)",
					"@executable_path/Frameworks",
					"@loader_path/Frameworks",
				);
				PRODUCT_BUNDLE_IDENTIFIER = shilpi.DeltaPOCTests;
				PRODUCT_NAME = "$(TARGET_NAME)";
				SWIFT_VERSION = 4.2;
				TARGETED_DEVICE_FAMILY = "1,2";
				TEST_HOST = "$(BUILT_PRODUCTS_DIR)/DeltaPOC.app/DeltaPOC";
			};
			name = Debug;
		};
		BA0951BD22808D5400B53998 /* Release */ = {
			isa = XCBuildConfiguration;
			baseConfigurationReference = A9C066770A2F6C7945FA3E3C /* Pods-DeltaPOCTests.release.xcconfig */;
			buildSettings = {
				ALWAYS_EMBED_SWIFT_STANDARD_LIBRARIES = YES;
				BUNDLE_LOADER = "$(TEST_HOST)";
				CODE_SIGN_STYLE = Automatic;
				INFOPLIST_FILE = DeltaPOCTests/Info.plist;
				LD_RUNPATH_SEARCH_PATHS = (
					"$(inherited)",
					"@executable_path/Frameworks",
					"@loader_path/Frameworks",
				);
				PRODUCT_BUNDLE_IDENTIFIER = shilpi.DeltaPOCTests;
				PRODUCT_NAME = "$(TARGET_NAME)";
				SWIFT_VERSION = 4.2;
				TARGETED_DEVICE_FAMILY = "1,2";
				TEST_HOST = "$(BUILT_PRODUCTS_DIR)/DeltaPOC.app/DeltaPOC";
			};
			name = Release;
		};
		BA0951BF22808D5400B53998 /* Debug */ = {
			isa = XCBuildConfiguration;
			baseConfigurationReference = B0E0CF258BDB928007B3F68B /* Pods-DeltaPOCUITests.debug.xcconfig */;
			buildSettings = {
				ALWAYS_EMBED_SWIFT_STANDARD_LIBRARIES = YES;
				CODE_SIGN_STYLE = Automatic;
				INFOPLIST_FILE = DeltaPOCUITests/Info.plist;
				LD_RUNPATH_SEARCH_PATHS = (
					"$(inherited)",
					"@executable_path/Frameworks",
					"@loader_path/Frameworks",
				);
				PRODUCT_BUNDLE_IDENTIFIER = shilpi.DeltaPOCUITests;
				PRODUCT_NAME = "$(TARGET_NAME)";
				SWIFT_VERSION = 4.2;
				TARGETED_DEVICE_FAMILY = "1,2";
				TEST_TARGET_NAME = DeltaPOC;
			};
			name = Debug;
		};
		BA0951C022808D5400B53998 /* Release */ = {
			isa = XCBuildConfiguration;
			baseConfigurationReference = 53460AC2D73E7E9BBA4A2DB3 /* Pods-DeltaPOCUITests.release.xcconfig */;
			buildSettings = {
				ALWAYS_EMBED_SWIFT_STANDARD_LIBRARIES = YES;
				CODE_SIGN_STYLE = Automatic;
				INFOPLIST_FILE = DeltaPOCUITests/Info.plist;
				LD_RUNPATH_SEARCH_PATHS = (
					"$(inherited)",
					"@executable_path/Frameworks",
					"@loader_path/Frameworks",
				);
				PRODUCT_BUNDLE_IDENTIFIER = shilpi.DeltaPOCUITests;
				PRODUCT_NAME = "$(TARGET_NAME)";
				SWIFT_VERSION = 4.2;
				TARGETED_DEVICE_FAMILY = "1,2";
				TEST_TARGET_NAME = DeltaPOC;
			};
			name = Release;
		};
/* End XCBuildConfiguration section */

/* Begin XCConfigurationList section */
		BA09518B22808D4800B53998 /* Build configuration list for PBXProject "DeltaPOC" */ = {
			isa = XCConfigurationList;
			buildConfigurations = (
				BA0951B622808D5400B53998 /* Debug */,
				BA0951B722808D5400B53998 /* Release */,
			);
			defaultConfigurationIsVisible = 0;
			defaultConfigurationName = Release;
		};
		BA0951B822808D5400B53998 /* Build configuration list for PBXNativeTarget "DeltaPOC" */ = {
			isa = XCConfigurationList;
			buildConfigurations = (
				BA0951B922808D5400B53998 /* Debug */,
				BA0951BA22808D5400B53998 /* Release */,
			);
			defaultConfigurationIsVisible = 0;
			defaultConfigurationName = Release;
		};
		BA0951BB22808D5400B53998 /* Build configuration list for PBXNativeTarget "DeltaPOCTests" */ = {
			isa = XCConfigurationList;
			buildConfigurations = (
				BA0951BC22808D5400B53998 /* Debug */,
				BA0951BD22808D5400B53998 /* Release */,
			);
			defaultConfigurationIsVisible = 0;
			defaultConfigurationName = Release;
		};
		BA0951BE22808D5400B53998 /* Build configuration list for PBXNativeTarget "DeltaPOCUITests" */ = {
			isa = XCConfigurationList;
			buildConfigurations = (
				BA0951BF22808D5400B53998 /* Debug */,
				BA0951C022808D5400B53998 /* Release */,
			);
			defaultConfigurationIsVisible = 0;
			defaultConfigurationName = Release;
		};
/* End XCConfigurationList section */
	};
	rootObject = BA09518822808D4800B53998 /* Project object */;
}
